
Microsoft Visual Studio Solution File, Format Version 12.00
# Visual Studio Version 16
VisualStudioVersion = 16.0.29926.136
MinimumVisualStudioVersion = 10.0.40219.1
Project("{2150E333-8FDC-42A3-9474-1A3956D46DE8}") = "Core", "Core", "{4244CE8A-AAA6-4ACB-9A5D-9BF3C7F0DF72}"
EndProject
Project("{9A19103F-16F7-4668-BE54-9A1E7A4F7556}") = "WallTec.CoreCom.Sheard", "..\..\Source\WallTec.CoreCom.Sheard\WallTec.CoreCom.Sheard.csproj", "{A2EDC983-BA2E-4A54-9738-C0302D47AF43}"
EndProject
Project("{9A19103F-16F7-4668-BE54-9A1E7A4F7556}") = "WallTec.CoreCom.Server", "..\..\Source\WallTec.CoreCom.Server\WallTec.CoreCom.Server.csproj", "{1829E6B9-4245-4B9B-8003-1252E5D9B60B}"
EndProject
Project("{9A19103F-16F7-4668-BE54-9A1E7A4F7556}") = "WallTec.CoreCom.TestServerAppService", "WallTec.CoreCom.TestServerAppService\WallTec.CoreCom.TestServerAppService.csproj", "{63246566-BCA7-435A-B76F-302D4CB73CEB}"
EndProject
Project("{9A19103F-16F7-4668-BE54-9A1E7A4F7556}") = "WallTec.CoreCom.Example.SharedObjects", "..\Shared\SharedObjects\WallTec.CoreCom.Example.SharedObjects.csproj", "{6148115D-BEBF-4CD1-8243-52E9F03E8F8E}"
EndProject
Global
	GlobalSection(SolutionConfigurationPlatforms) = preSolution
		Debug|Any CPU = Debug|Any CPU
		Debug|ARM = Debug|ARM
		Debug|ARM64 = Debug|ARM64
		Debug|x64 = Debug|x64
		Debug|x86 = Debug|x86
		Release|Any CPU = Release|Any CPU
		Release|ARM = Release|ARM
		Release|ARM64 = Release|ARM64
		Release|x64 = Release|x64
		Release|x86 = Release|x86
	EndGlobalSection
	GlobalSection(ProjectConfigurationPlatforms) = postSolution
		{A2EDC983-BA2E-4A54-9738-C0302D47AF43}.Debug|Any CPU.ActiveCfg = Debug|Any CPU
		{A2EDC983-BA2E-4A54-9738-C0302D47AF43}.Debug|Any CPU.Build.0 = Debug|Any CPU
		{A2EDC983-BA2E-4A54-9738-C0302D47AF43}.Debug|ARM.ActiveCfg = Debug|Any CPU
		{A2EDC983-BA2E-4A54-9738-C0302D47AF43}.Debug|ARM.Build.0 = Debug|Any CPU
		{A2EDC983-BA2E-4A54-9738-C0302D47AF43}.Debug|ARM64.ActiveCfg = Debug|Any CPU
		{A2EDC983-BA2E-4A54-9738-C0302D47AF43}.Debug|ARM64.Build.0 = Debug|Any CPU
		{A2EDC983-BA2E-4A54-9738-C0302D47AF43}.Debug|x64.ActiveCfg = Debug|Any CPU
		{A2EDC983-BA2E-4A54-9738-C0302D47AF43}.Debug|x64.Build.0 = Debug|Any CPU
		{A2EDC983-BA2E-4A54-9738-C0302D47AF43}.Debug|x86.ActiveCfg = Debug|Any CPU
		{A2EDC983-BA2E-4A54-9738-C0302D47AF43}.Debug|x86.Build.0 = Debug|Any CPU
		{A2EDC983-BA2E-4A54-9738-C0302D47AF43}.Release|Any CPU.ActiveCfg = Release|Any CPU
		{A2EDC983-BA2E-4A54-9738-C0302D47AF43}.Release|Any CPU.Build.0 = Release|Any CPU
		{A2EDC983-BA2E-4A54-9738-C0302D47AF43}.Release|ARM.ActiveCfg = Release|Any CPU
		{A2EDC983-BA2E-4A54-9738-C0302D47AF43}.Release|ARM.Build.0 = Release|Any CPU
		{A2EDC983-BA2E-4A54-9738-C0302D47AF43}.Release|ARM64.ActiveCfg = Release|Any CPU
		{A2EDC983-BA2E-4A54-9738-C0302D47AF43}.Release|ARM64.Build.0 = Release|Any CPU
		{A2EDC983-BA2E-4A54-9738-C0302D47AF43}.Release|x64.ActiveCfg = Release|Any CPU
		{A2EDC983-BA2E-4A54-9738-C0302D47AF43}.Release|x64.Build.0 = Release|Any CPU
		{A2EDC983-BA2E-4A54-9738-C0302D47AF43}.Release|x86.ActiveCfg = Release|Any CPU
		{A2EDC983-BA2E-4A54-9738-C0302D47AF43}.Release|x86.Build.0 = Release|Any CPU
		{1829E6B9-4245-4B9B-8003-1252E5D9B60B}.Debug|Any CPU.ActiveCfg = Debug|Any CPU
		{1829E6B9-4245-4B9B-8003-1252E5D9B60B}.Debug|Any CPU.Build.0 = Debug|Any CPU
		{1829E6B9-4245-4B9B-8003-1252E5D9B60B}.Debug|ARM.ActiveCfg = Debug|Any CPU
		{1829E6B9-4245-4B9B-8003-1252E5D9B60B}.Debug|ARM.Build.0 = Debug|Any CPU
		{1829E6B9-4245-4B9B-8003-1252E5D9B60B}.Debug|ARM64.ActiveCfg = Debug|Any CPU
		{1829E6B9-4245-4B9B-8003-1252E5D9B60B}.Debug|ARM64.Build.0 = Debug|Any CPU
		{1829E6B9-4245-4B9B-8003-1252E5D9B60B}.Debug|x64.ActiveCfg = Debug|Any CPU
		{1829E6B9-4245-4B9B-8003-1252E5D9B60B}.Debug|x64.Build.0 = Debug|Any CPU
		{1829E6B9-4245-4B9B-8003-1252E5D9B60B}.Debug|x86.ActiveCfg = Debug|Any CPU
		{1829E6B9-4245-4B9B-8003-1252E5D9B60B}.Debug|x86.Build.0 = Debug|Any CPU
		{1829E6B9-4245-4B9B-8003-1252E5D9B60B}.Release|Any CPU.ActiveCfg = Release|Any CPU
		{1829E6B9-4245-4B9B-8003-1252E5D9B60B}.Release|Any CPU.Build.0 = Release|Any CPU
		{1829E6B9-4245-4B9B-8003-1252E5D9B60B}.Release|ARM.ActiveCfg = Release|Any CPU
		{1829E6B9-4245-4B9B-8003-1252E5D9B60B}.Release|ARM.Build.0 = Release|Any CPU
		{1829E6B9-4245-4B9B-8003-1252E5D9B60B}.Release|ARM64.ActiveCfg = Release|Any CPU
		{1829E6B9-4245-4B9B-8003-1252E5D9B60B}.Release|ARM64.Build.0 = Release|Any CPU
		{1829E6B9-4245-4B9B-8003-1252E5D9B60B}.Release|x64.ActiveCfg = Release|Any CPU
		{1829E6B9-4245-4B9B-8003-1252E5D9B60B}.Release|x64.Build.0 = Release|Any CPU
		{1829E6B9-4245-4B9B-8003-1252E5D9B60B}.Release|x86.ActiveCfg = Release|Any CPU
		{1829E6B9-4245-4B9B-8003-1252E5D9B60B}.Release|x86.Build.0 = Release|Any CPU
		{63246566-BCA7-435A-B76F-302D4CB73CEB}.Debug|Any CPU.ActiveCfg = Debug|Any CPU
		{63246566-BCA7-435A-B76F-302D4CB73CEB}.Debug|Any CPU.Build.0 = Debug|Any CPU
		{63246566-BCA7-435A-B76F-302D4CB73CEB}.Debug|ARM.ActiveCfg = Debug|Any CPU
		{63246566-BCA7-435A-B76F-302D4CB73CEB}.Debug|ARM.Build.0 = Debug|Any CPU
		{63246566-BCA7-435A-B76F-302D4CB73CEB}.Debug|ARM64.ActiveCfg = Debug|Any CPU
		{63246566-BCA7-435A-B76F-302D4CB73CEB}.Debug|ARM64.Build.0 = Debug|Any CPU
		{63246566-BCA7-435A-B76F-302D4CB73CEB}.Debug|x64.ActiveCfg = Debug|Any CPU
		{63246566-BCA7-435A-B76F-302D4CB73CEB}.Debug|x64.Build.0 = Debug|Any CPU
		{63246566-BCA7-435A-B76F-302D4CB73CEB}.Debug|x86.ActiveCfg = Debug|Any CPU
		{63246566-BCA7-435A-B76F-302D4CB73CEB}.Debug|x86.Build.0 = Debug|Any CPU
		{63246566-BCA7-435A-B76F-302D4CB73CEB}.Release|Any CPU.ActiveCfg = Release|Any CPU
		{63246566-BCA7-435A-B76F-302D4CB73CEB}.Release|Any CPU.Build.0 = Release|Any CPU
		{63246566-BCA7-435A-B76F-302D4CB73CEB}.Release|ARM.ActiveCfg = Release|Any CPU
		{63246566-BCA7-435A-B76F-302D4CB73CEB}.Release|ARM.Build.0 = Release|Any CPU
		{63246566-BCA7-435A-B76F-302D4CB73CEB}.Release|ARM64.ActiveCfg = Release|Any CPU
		{63246566-BCA7-435A-B76F-302D4CB73CEB}.Release|ARM64.Build.0 = Release|Any CPU
		{63246566-BCA7-435A-B76F-302D4CB73CEB}.Release|x64.ActiveCfg = Release|Any CPU
		{63246566-BCA7-435A-B76F-302D4CB73CEB}.Release|x64.Build.0 = Release|Any CPU
		{63246566-BCA7-435A-B76F-302D4CB73CEB}.Release|x86.ActiveCfg = Release|Any CPU
		{63246566-BCA7-435A-B76F-302D4CB73CEB}.Release|x86.Build.0 = Release|Any CPU
		{6148115D-BEBF-4CD1-8243-52E9F03E8F8E}.Debug|Any CPU.ActiveCfg = Debug|Any CPU
		{6148115D-BEBF-4CD1-8243-52E9F03E8F8E}.Debug|Any CPU.Build.0 = Debug|Any CPU
		{6148115D-BEBF-4CD1-8243-52E9F03E8F8E}.Debug|ARM.ActiveCfg = Debug|Any CPU
		{6148115D-BEBF-4CD1-8243-52E9F03E8F8E}.Debug|ARM.Build.0 = Debug|Any CPU
		{6148115D-BEBF-4CD1-8243-52E9F03E8F8E}.Debug|ARM64.ActiveCfg = Debug|Any CPU
		{6148115D-BEBF-4CD1-8243-52E9F03E8F8E}.Debug|ARM64.Build.0 = Debug|Any CPU
		{6148115D-BEBF-4CD1-8243-52E9F03E8F8E}.Debug|x64.ActiveCfg = Debug|Any CPU
		{6148115D-BEBF-4CD1-8243-52E9F03E8F8E}.Debug|x64.Build.0 = Debug|Any CPU
		{6148115D-BEBF-4CD1-8243-52E9F03E8F8E}.Debug|x86.ActiveCfg = Debug|Any CPU
		{6148115D-BEBF-4CD1-8243-52E9F03E8F8E}.Debug|x86.Build.0 = Debug|Any CPU
		{6148115D-BEBF-4CD1-8243-52E9F03E8F8E}.Release|Any CPU.ActiveCfg = Release|Any CPU
		{6148115D-BEBF-4CD1-8243-52E9F03E8F8E}.Release|Any CPU.Build.0 = Release|Any CPU
		{6148115D-BEBF-4CD1-8243-52E9F03E8F8E}.Release|ARM.ActiveCfg = Release|Any CPU
		{6148115D-BEBF-4CD1-8243-52E9F03E8F8E}.Release|ARM.Build.0 = Release|Any CPU
		{6148115D-BEBF-4CD1-8243-52E9F03E8F8E}.Release|ARM64.ActiveCfg = Release|Any CPU
		{6148115D-BEBF-4CD1-8243-52E9F03E8F8E}.Release|ARM64.Build.0 = Release|Any CPU
		{6148115D-BEBF-4CD1-8243-52E9F03E8F8E}.Release|x64.ActiveCfg = Release|Any CPU
		{6148115D-BEBF-4CD1-8243-52E9F03E8F8E}.Release|x64.Build.0 = Release|Any CPU
		{6148115D-BEBF-4CD1-8243-52E9F03E8F8E}.Release|x86.ActiveCfg = Release|Any CPU
		{6148115D-BEBF-4CD1-8243-52E9F03E8F8E}.Release|x86.Build.0 = Release|Any CPU
	EndGlobalSection
	GlobalSection(SolutionProperties) = preSolution
		HideSolutionNode = FALSE
	EndGlobalSection
	GlobalSection(NestedProjects) = preSolution
		{A2EDC983-BA2E-4A54-9738-C0302D47AF43} = {4244CE8A-AAA6-4ACB-9A5D-9BF3C7F0DF72}
		{1829E6B9-4245-4B9B-8003-1252E5D9B60B} = {4244CE8A-AAA6-4ACB-9A5D-9BF3C7F0DF72}
	EndGlobalSection
	GlobalSection(ExtensibilityGlobals) = postSolution
		SolutionGuid = {94BAF634-D629-43FA-9CC0-3D5AA2DB1C07}
	EndGlobalSection
EndGlobal
